{
  "requires": true,
  "lockfileVersion": 1,
  "dependencies": {
    "justinlamont-palindrome": {
      "version": "0.2.0",
      "resolved": "https://registry.npmjs.org/justinlamont-palindrome/-/justinlamont-palindrome-0.2.0.tgz",
      "integrity": "sha512-dznkbU4CYqMlCcPMh9FTt7rkQLnH7jzhA2D9bUVmEAh3PLEyVHWNpu96dO9Xhk7hKKEy1Uvl9iCpVJqLE7PYfA=="
    }
  }
}
